
Microsoft Visual Studio Solution File, Format Version 12.00
# Visual Studio 2013
VisualStudioVersion = 12.0.30501.0
MinimumVisualStudioVersion = 10.0.40219.1
Project("{8BC9CEB8-8B4A-11D0-8D11-00A0C91BC942}") = "ImageServer", "ImageServer\ImageServer.vcxproj", "{C6D5C025-E8A8-46E5-B278-82ED3D3EC23F}"
EndProject
Project("{8BC9CEB8-8B4A-11D0-8D11-00A0C91BC942}") = "ImageProcessorService", "ImageProcessing\ImageProcessorService\ImageProcessorService.vcxproj", "{2FA96546-B8B6-4BD6-B21A-4FF753AB698B}"
EndProject
Global
	GlobalSection(SolutionConfigurationPlatforms) = preSolution
		Debug|Win32 = Debug|Win32
		Release|Win32 = Release|Win32
	EndGlobalSection
	GlobalSection(ProjectConfigurationPlatforms) = postSolution
		{C6D5C025-E8A8-46E5-B278-82ED3D3EC23F}.Debug|Win32.ActiveCfg = Debug|Win32
		{C6D5C025-E8A8-46E5-B278-82ED3D3EC23F}.Debug|Win32.Build.0 = Debug|Win32
		{C6D5C025-E8A8-46E5-B278-82ED3D3EC23F}.Release|Win32.ActiveCfg = Release|Win32
		{C6D5C025-E8A8-46E5-B278-82ED3D3EC23F}.Release|Win32.Build.0 = Release|Win32
		{2FA96546-B8B6-4BD6-B21A-4FF753AB698B}.Debug|Win32.ActiveCfg = Debug|Win32
		{2FA96546-B8B6-4BD6-B21A-4FF753AB698B}.Debug|Win32.Build.0 = Debug|Win32
		{2FA96546-B8B6-4BD6-B21A-4FF753AB698B}.Release|Win32.ActiveCfg = Release|Win32
		{2FA96546-B8B6-4BD6-B21A-4FF753AB698B}.Release|Win32.Build.0 = Release|Win32
	EndGlobalSection
	GlobalSection(SolutionProperties) = preSolution
		HideSolutionNode = FALSE
	EndGlobalSection
EndGlobal
