<?xml version="1.0" encoding="utf-8"?>
<Project ToolsVersion="4.0" xmlns="http://schemas.microsoft.com/developer/msbuild/2003">
  <ItemGroup>
    <Filter Include="Source Files">
      <UniqueIdentifier>{4FC737F1-C7A5-4376-A066-2A32D752A2FF}</UniqueIdentifier>
      <Extensions>cpp;c;cc;cxx;def;odl;idl;hpj;bat;asm;asmx</Extensions>
    </Filter>
    <Filter Include="Header Files">
      <UniqueIdentifier>{93995380-89BD-4b04-88EB-625FBE52EBFB}</UniqueIdentifier>
      <Extensions>h;hh;hpp;hxx;hm;inl;inc;xsd</Extensions>
    </Filter>
    <Filter Include="Resource Files">
      <UniqueIdentifier>{67DA6AB6-F800-4c08-8B7A-83BB121AAD01}</UniqueIdentifier>
      <Extensions>rc;ico;cur;bmp;dlg;rc2;rct;bin;rgs;gif;jpg;jpeg;jpe;resx;tiff;tif;png;wav;mfcribbon-ms</Extensions>
    </Filter>
    <Filter Include="Exceptions">
      <UniqueIdentifier>{c71f54be-046a-4be7-b7b0-98c73e4de7b6}</UniqueIdentifier>
    </Filter>
  </ItemGroup>
  <ItemGroup>
    <Text Include="ReadMe.txt" />
    <Text Include="..\test\readme.txt.txt" />
  </ItemGroup>
  <ItemGroup>
    <ClInclude Include="stdafx.h">
      <Filter>Header Files</Filter>
    </ClInclude>
    <ClInclude Include="targetver.h">
      <Filter>Header Files</Filter>
    </ClInclude>
    <ClInclude Include="ServerParameters.h">
      <Filter>Header Files</Filter>
    </ClInclude>
    <ClInclude Include="ServerDispatcher.h">
      <Filter>Header Files</Filter>
    </ClInclude>
    <ClInclude Include="ImagesResource.h">
      <Filter>Header Files</Filter>
    </ClInclude>
    <ClInclude Include="RestInterface.h">
      <Filter>Header Files</Filter>
    </ClInclude>
    <ClInclude Include="RESTServer.h">
      <Filter>Header Files</Filter>
    </ClInclude>
    <ClInclude Include="ServerRequest.h">
      <Filter>Header Files</Filter>
    </ClInclude>
    <ClInclude Include="ServerResponse.h">
      <Filter>Header Files</Filter>
    </ClInclude>
    <ClInclude Include="ServerUtils.h">
      <Filter>Header Files</Filter>
    </ClInclude>
    <ClInclude Include="ServerDataTypes.h">
      <Filter>Header Files</Filter>
    </ClInclude>
    <ClInclude Include="StorageInterface.h">
      <Filter>Header Files</Filter>
    </ClInclude>
    <ClInclude Include="StorageUtils.h">
      <Filter>Header Files</Filter>
    </ClInclude>
    <ClInclude Include="StorageFactory.h">
      <Filter>Header Files</Filter>
    </ClInclude>
    <ClInclude Include="FileSystemsStorage.h">
      <Filter>Header Files</Filter>
    </ClInclude>
    <ClInclude Include="ResourceTable.hpp">
      <Filter>Header Files</Filter>
    </ClInclude>
    <ClInclude Include="ImageProcessor.h">
      <Filter>Header Files</Filter>
    </ClInclude>
    <ClInclude Include="..\ImageServerLib\tinyxml2\include\tinyxml2.h">
      <Filter>Header Files</Filter>
    </ClInclude>
    <ClInclude Include="FileNotFound.hpp">
      <Filter>Exceptions</Filter>
    </ClInclude>
    <ClInclude Include="ServerMessages.hpp">
      <Filter>Header Files</Filter>
    </ClInclude>
    <ClInclude Include="RestServerException.h">
      <Filter>Exceptions</Filter>
    </ClInclude>
    <ClInclude Include="InvalidRequest.h">
      <Filter>Exceptions</Filter>
    </ClInclude>
    <ClInclude Include="ImageAccount.hpp">
      <Filter>Header Files</Filter>
    </ClInclude>
    <ClInclude Include="ImageAccountsResource.hpp">
      <Filter>Header Files</Filter>
    </ClInclude>
    <ClInclude Include="DB.h">
      <Filter>Header Files</Filter>
    </ClInclude>
    <ClInclude Include="DBInterface.h">
      <Filter>Header Files</Filter>
    </ClInclude>
    <ClInclude Include="DBJson.h">
      <Filter>Header Files</Filter>
    </ClInclude>
    <ClInclude Include="DBSql.h">
      <Filter>Header Files</Filter>
    </ClInclude>
    <ClInclude Include="ApplicationContext.h">
      <Filter>Header Files</Filter>
    </ClInclude>
    <ClInclude Include="MetaData.h">
      <Filter>Header Files</Filter>
    </ClInclude>
    <ClInclude Include="sqlite3.h">
      <Filter>Header Files</Filter>
    </ClInclude>
    <ClInclude Include="CFile.hpp">
      <Filter>Header Files</Filter>
    </ClInclude>
    <ClInclude Include="UnableToReadConfig.h">
      <Filter>Exceptions</Filter>
    </ClInclude>
    <ClInclude Include="ContextFactory.h">
      <Filter>Header Files</Filter>
    </ClInclude>
    <ClInclude Include="AccountAlreadyExists.h">
      <Filter>Exceptions</Filter>
    </ClInclude>
    <ClInclude Include="AccountCreationFailed.h">
      <Filter>Exceptions</Filter>
    </ClInclude>
    <ClInclude Include="AccountNotFound.h">
      <Filter>Exceptions</Filter>
    </ClInclude>
  </ItemGroup>
  <ItemGroup>
    <ClCompile Include="stdafx.cpp">
      <Filter>Source Files</Filter>
    </ClCompile>
    <ClCompile Include="ImageServer.cpp">
      <Filter>Source Files</Filter>
    </ClCompile>
    <ClCompile Include="RESTServer.cpp">
      <Filter>Source Files</Filter>
    </ClCompile>
    <ClCompile Include="ServerDispatcher.cpp">
      <Filter>Source Files</Filter>
    </ClCompile>
    <ClCompile Include="StorageUtils.cpp">
      <Filter>Source Files</Filter>
    </ClCompile>
    <ClCompile Include="ImageProcessor.cpp">
      <Filter>Source Files</Filter>
    </ClCompile>
    <ClCompile Include="FileSystemsStorage.cpp">
      <Filter>Source Files</Filter>
    </ClCompile>
    <ClCompile Include="DB.cpp">
      <Filter>Source Files</Filter>
    </ClCompile>
    <ClCompile Include="DBSql.cpp">
      <Filter>Source Files</Filter>
    </ClCompile>
  </ItemGroup>
  <ItemGroup>
    <None Include="packages.config" />
  </ItemGroup>
  <ItemGroup>
    <Image Include="..\ImageProcessing\IMG_0909.jpg">
      <Filter>Resource Files</Filter>
    </Image>
  </ItemGroup>
</Project>